{
  "name": "fend-project-memory-game-master",
  "version": "1.0.0",
  "lockfileVersion": 1,
  "requires": true,
  "dependencies": {
    "animate.css": {
      "version": "3.6.1",
      "resolved": "https://registry.npmjs.org/animate.css/-/animate.css-3.6.1.tgz",
      "integrity": "sha512-xEIzzKyQvQSIldgrtC2d/qptAEQLVlMb6xQrjQ6HU6NyGhF7LAIivRZVmhSAg4EICRASNiS+A1G+wvAKTCoC7A=="
    },
    "classlist-polyfill": {
      "version": "1.2.0",
      "resolved": "https://registry.npmjs.org/classlist-polyfill/-/classlist-polyfill-1.2.0.tgz",
      "integrity": "sha1-k1vC39lFiodrJ5YXUUY4vKqWSi4="
    },
    "deep-clone-simple": {
      "version": "1.1.1",
      "resolved": "https://registry.npmjs.org/deep-clone-simple/-/deep-clone-simple-1.1.1.tgz",
      "integrity": "sha1-DsNY38zgYpKNv1jw36SEtLVCXVk="
    },
    "domify": {
      "version": "1.4.0",
      "resolved": "https://registry.npmjs.org/domify/-/domify-1.4.0.tgz",
      "integrity": "sha1-EUg2F/dk+GlZdbS9x5sU8IA7Yps="
    },
    "es6-object-assign": {
      "version": "1.1.0",
      "resolved": "https://registry.npmjs.org/es6-object-assign/-/es6-object-assign-1.1.0.tgz",
      "integrity": "sha1-wsNYJlYkfDnqEHyx5mUrb58kUjw="
    },
    "form-serialize": {
      "version": "0.7.1",
      "resolved": "https://registry.npmjs.org/form-serialize/-/form-serialize-0.7.1.tgz",
      "integrity": "sha1-SPdON9BB3k99FA3SxUs3//jS6EM="
    },
    "jquery": {
      "version": "3.3.1",
      "resolved": "https://registry.npmjs.org/jquery/-/jquery-3.3.1.tgz",
      "integrity": "sha512-Ubldcmxp5np52/ENotGxlLe6aGMvmF4R8S6tZjsP6Knsaxd/xp3Zrh50cG93lR6nPXyUFwzN3ZSOQI0wRJNdGg=="
    },
    "vex-dialog": {
      "version": "1.1.0",
      "resolved": "https://registry.npmjs.org/vex-dialog/-/vex-dialog-1.1.0.tgz",
      "integrity": "sha512-P+kf+LMI+jF1QtmH0iaqZLi5sVpL94d29SENBmI3x/2i8a1X6skN6Q2463m1triK8u4bpEWj1FndWqgpueA5cA==",
      "requires": {
        "deep-clone-simple": "1.1.1",
        "domify": "1.4.0",
        "form-serialize": "0.7.1"
      }
    },
    "vex-js": {
      "version": "4.1.0",
      "resolved": "https://registry.npmjs.org/vex-js/-/vex-js-4.1.0.tgz",
      "integrity": "sha512-n/dgknlD5CVl+Bn87kARnjwSknxZvSMflwzrBdgV0LLdLXpgmF6AKQ//bEEBBwK2JLXR0wG2R+il1zjcBtOi6Q==",
      "requires": {
        "classlist-polyfill": "1.2.0",
        "domify": "1.4.0",
        "es6-object-assign": "1.1.0",
        "vex-dialog": "1.1.0"
      }
    }
  }
}
